{
  "name": "extensions",
  "lockfileVersion": 2,
  "requires": true,
  "packages": {
    "": {
      "dependencies": {
        "coc-diagnostic": ">=0.24.1",
        "coc-eslint": ">=1.7.0",
        "coc-highlight": ">=2.0.4",
        "coc-json": ">=1.9.2",
        "coc-markdownlint": ">=1.36.0",
        "coc-prettier": ">=9.3.2",
        "coc-pyright": ">=1.1.385",
        "coc-snippets": ">=3.1.10",
        "coc-texlab": ">=3.3.0",
        "coc-toml": ">=1.2.5",
        "coc-tsserver": ">=2.2.0",
        "coc-yaml": ">=1.9.0"
      }
    },
    "node_modules/@taplo/lsp": {
      "version": "0.2.4",
      "resolved": "https://registry.npmjs.org/@taplo/lsp/-/lsp-0.2.4.tgz",
      "integrity": "sha512-/FcGQVvXAslhiC9aMG5gxKXJctg8N7XLZrP+wYrFTFccWEPZd/Xon5y7jUXpKOVSOFEA1MOKZKbPuK4ET5/T8Q==",
      "license": "MIT"
    },
    "node_modules/coc-diagnostic": {
      "version": "0.24.1",
      "resolved": "https://registry.npmjs.org/coc-diagnostic/-/coc-diagnostic-0.24.1.tgz",
      "integrity": "sha512-pAiP55qF3Uh4Mb7QzJAhtMyys3OOVg9iowupr27XBnoFZJxmxOZYG5nydOtHKBqhXIJ+mMfy/okHNLheD/4w/w==",
      "license": "MIT",
      "engines": {
        "coc": "^0.0.46"
      }
    },
    "node_modules/coc-eslint": {
      "version": "3.0.15",
      "resolved": "https://registry.npmjs.org/coc-eslint/-/coc-eslint-3.0.15.tgz",
      "integrity": "sha512-PjTSYXV+/T8r4DgxBsAmi6LhdO12WnTjOr1McGQhNnLVlTAlJj89iL0C5YbZ3oiYLUaNTFG8z+cX+nvt+QtUVA==",
      "license": "MIT",
      "engines": {
        "coc": "^0.0.82"
      }
    },
    "node_modules/coc-highlight": {
      "version": "2.0.4",
      "resolved": "https://registry.npmjs.org/coc-highlight/-/coc-highlight-2.0.4.tgz",
      "integrity": "sha512-X6VGCqpDML0oRcyH77ANoQ0BAxEsQqVMB9OPbfXB/nSdN3xcO8+M1hNSJm4pBekvywxm6VQUsh/zFD4V55nxLw==",
      "license": "MIT",
      "engines": {
        "coc": "^0.0.82"
      }
    },
    "node_modules/coc-json": {
      "version": "1.9.3",
      "resolved": "https://registry.npmjs.org/coc-json/-/coc-json-1.9.3.tgz",
      "integrity": "sha512-72Lb7fq2Jr2hh+hOfwAHORkFSfmBGieF6tCaQY5n/DVd9He2HrQCRtBK11TVPAaWcloRlnwG0/QLSB8VxhboiQ==",
      "license": "MIT",
      "engines": {
        "coc": ">= 0.0.80"
      }
    },
    "node_modules/coc-markdownlint": {
      "version": "1.36.0",
      "resolved": "https://registry.npmjs.org/coc-markdownlint/-/coc-markdownlint-1.36.0.tgz",
      "integrity": "sha512-tVp32LukGXEFfz3y8H2Pq4fcpoxy9Xptw/jIAZAJz4S/725hCsWLCySwoVE7qhSLOeUHmVMQdoW7A11EHru+lg==",
      "license": "MIT",
      "engines": {
        "coc": "^0.0.80"
      }
    },
    "node_modules/coc-prettier": {
      "version": "11.0.1",
      "resolved": "https://registry.npmjs.org/coc-prettier/-/coc-prettier-11.0.1.tgz",
      "integrity": "sha512-lh7JQ86B3HXzi530/MiOwVg1OSMJCQwpwme1pSrtNo4ZFuxVcI1p/6TqaPFaU6zXwZvAbbc1VG6L5CVmPVKEpw==",
      "license": "MIT",
      "dependencies": {
        "prettier": "^3.1.1"
      },
      "engines": {
        "coc": ">= 0.0.82"
      }
    },
    "node_modules/coc-prettier/node_modules/prettier": {
      "version": "3.6.2",
      "resolved": "https://registry.npmjs.org/prettier/-/prettier-3.6.2.tgz",
      "integrity": "sha512-I7AIg5boAr5R0FFtJ6rCfD+LFsWHp81dolrFD8S79U9tb8Az2nGrJncnMSnys+bpQJfRUzqs9hnA81OAA3hCuQ==",
      "license": "MIT",
      "bin": {
        "prettier": "bin/prettier.cjs"
      },
      "engines": {
        "node": ">=14"
      },
      "funding": {
        "url": "https://github.com/prettier/prettier?sponsor=1"
      }
    },
    "node_modules/coc-pyright": {
      "version": "1.1.405",
      "resolved": "https://registry.npmjs.org/coc-pyright/-/coc-pyright-1.1.405.tgz",
      "integrity": "sha512-5ouA9CYpzDQKSRwK50sEPEDiDPk9O4KZ9h2VV7rtnmweTDLw25wTlS1T0QP1zXvbrd5GL3AuV2taCmbn2H4UkQ==",
      "license": "MIT",
      "dependencies": {
        "pyright": "^1.1.405"
      },
      "engines": {
        "coc": "^0.0.80"
      }
    },
    "node_modules/coc-snippets": {
      "version": "3.4.7",
      "resolved": "https://registry.npmjs.org/coc-snippets/-/coc-snippets-3.4.7.tgz",
      "integrity": "sha512-8Q/es06CsFc/9nAwQ/ibelDYWA036VjMgpdDMxZevtpKBE0Y4RH0XalpvL1vFykmp2OZWFzBaad5fFAZcCmGcQ==",
      "license": "MIT",
      "engines": {
        "coc": "^0.0.82"
      }
    },
    "node_modules/coc-texlab": {
      "version": "3.3.0",
      "resolved": "https://registry.npmjs.org/coc-texlab/-/coc-texlab-3.3.0.tgz",
      "integrity": "sha512-MV/zLxI6jvu/IWS3/dyc8Dsgz9ypO86hSAHwjRbDGTc/V9t8jTPUnI4E1hzmsF8bfIjxnUU/oyITX9tLTOnCOQ==",
      "license": "MIT",
      "engines": {
        "coc": "^0.0.80"
      }
    },
    "node_modules/coc-toml": {
      "version": "1.2.5",
      "resolved": "https://registry.npmjs.org/coc-toml/-/coc-toml-1.2.5.tgz",
      "integrity": "sha512-8ypH+v7PkGfYTfg/7QoUGrpgSidzxwr2uvuTXR3FgzWrLT9OQOvlocH9KfCRsP8IIAbCuMOa/OpStN+pNwO6Ug==",
      "license": "MIT",
      "dependencies": {
        "@taplo/lsp": "^0.2.4",
        "node-fetch": "^2.6.7"
      },
      "engines": {
        "coc": "^0.0.80"
      }
    },
    "node_modules/coc-tsserver": {
      "version": "2.3.1",
      "resolved": "https://registry.npmjs.org/coc-tsserver/-/coc-tsserver-2.3.1.tgz",
      "integrity": "sha512-cAJP4bOApxzr/eFHRSMSDLA8BSoBhIGzPLVNJS44NWeZ8sbFEWwrsTvV97ypQe3EnJdfVGPs0KTg3i45xPgsFA==",
      "license": "MIT",
      "dependencies": {
        "typescript": "^5.3.2"
      },
      "engines": {
        "coc": "^0.0.82"
      }
    },
    "node_modules/coc-yaml": {
      "version": "1.9.1",
      "resolved": "https://registry.npmjs.org/coc-yaml/-/coc-yaml-1.9.1.tgz",
      "integrity": "sha512-PKDIWjnTF1193m0a5srO8oOLrOv9nKwaqka+a+sdzDjlyPoFipEADFUQVdoHwe1GYlfYe7tmfWOUCbR6ddRLrw==",
      "license": "MIT",
      "dependencies": {
        "prettier": "2.0.5"
      },
      "engines": {
        "coc": "^0.0.80"
      }
    },
    "node_modules/coc-yaml/node_modules/prettier": {
      "version": "2.0.5",
      "resolved": "https://registry.npmjs.org/prettier/-/prettier-2.0.5.tgz",
      "integrity": "sha512-7PtVymN48hGcO4fGjybyBSIWDsLU4H4XlvOHfq91pz9kkGlonzwTfYkaIEwiRg/dAJF9YlbsduBAgtYLi+8cFg==",
      "license": "MIT",
      "bin": {
        "prettier": "bin-prettier.js"
      },
      "engines": {
        "node": ">=10.13.0"
      }
    },
    "node_modules/fsevents": {
      "version": "2.3.3",
      "resolved": "https://registry.npmjs.org/fsevents/-/fsevents-2.3.3.tgz",
      "integrity": "sha512-5xoDfX+fL7faATnagmWPpbFtwh/R77WmMMqqHGS65C3vvB0YHrgF+B1YmZ3441tMj5n63k0212XNoJwzlhffQw==",
      "hasInstallScript": true,
      "license": "MIT",
      "optional": true,
      "os": [
        "darwin"
      ],
      "engines": {
        "node": "^8.16.0 || ^10.6.0 || >=11.0.0"
      }
    },
    "node_modules/node-fetch": {
      "version": "2.7.0",
      "resolved": "https://registry.npmjs.org/node-fetch/-/node-fetch-2.7.0.tgz",
      "integrity": "sha512-c4FRfUm/dbcWZ7U+1Wq0AwCyFL+3nt2bEw05wfxSz+DWpWsitgmSgYmy2dQdWyKC1694ELPqMs/YzUSNozLt8A==",
      "license": "MIT",
      "dependencies": {
        "whatwg-url": "^5.0.0"
      },
      "engines": {
        "node": "4.x || >=6.0.0"
      },
      "peerDependencies": {
        "encoding": "^0.1.0"
      },
      "peerDependenciesMeta": {
        "encoding": {
          "optional": true
        }
      }
    },
    "node_modules/pyright": {
      "version": "1.1.407",
      "resolved": "https://registry.npmjs.org/pyright/-/pyright-1.1.407.tgz",
      "integrity": "sha512-zU+peTFEVUdokNQyUBhGQYt+NWI/3aiNlvBbDBSsn5Ti334XElFUs+GDjQzCbchYfkT+DvMAT3OkMcV4CuEfDg==",
      "license": "MIT",
      "bin": {
        "pyright": "index.js",
        "pyright-langserver": "langserver.index.js"
      },
      "engines": {
        "node": ">=14.0.0"
      },
      "optionalDependencies": {
        "fsevents": "~2.3.3"
      }
    },
    "node_modules/tr46": {
      "version": "0.0.3",
      "resolved": "https://registry.npmjs.org/tr46/-/tr46-0.0.3.tgz",
      "integrity": "sha512-N3WMsuqV66lT30CrXNbEjx4GEwlow3v6rr4mCcv6prnfwhS01rkgyFdjPNBYd9br7LpXV1+Emh01fHnq2Gdgrw==",
      "license": "MIT"
    },
    "node_modules/typescript": {
      "version": "5.9.3",
      "resolved": "https://registry.npmjs.org/typescript/-/typescript-5.9.3.tgz",
      "integrity": "sha512-jl1vZzPDinLr9eUt3J/t7V6FgNEw9QjvBPdysz9KfQDD41fQrC2Y4vKQdiaUpFT4bXlb1RHhLpp8wtm6M5TgSw==",
      "license": "Apache-2.0",
      "bin": {
        "tsc": "bin/tsc",
        "tsserver": "bin/tsserver"
      },
      "engines": {
        "node": ">=14.17"
      }
    },
    "node_modules/webidl-conversions": {
      "version": "3.0.1",
      "resolved": "https://registry.npmjs.org/webidl-conversions/-/webidl-conversions-3.0.1.tgz",
      "integrity": "sha512-2JAn3z8AR6rjK8Sm8orRC0h/bcl/DqL7tRPdGZ4I1CjdF+EaMLmYxBHyXuKL849eucPFhvBoxMsflfOb8kxaeQ==",
      "license": "BSD-2-Clause"
    },
    "node_modules/whatwg-url": {
      "version": "5.0.0",
      "resolved": "https://registry.npmjs.org/whatwg-url/-/whatwg-url-5.0.0.tgz",
      "integrity": "sha512-saE57nupxk6v3HY35+jzBwYa0rKSy0XR8JSxZPwgLr7ys0IBzhGviA1/TUGJLmSVqs8pb9AnvICXEuOHLprYTw==",
      "license": "MIT",
      "dependencies": {
        "tr46": "~0.0.3",
        "webidl-conversions": "^3.0.0"
      }
    }
  },
  "dependencies": {
    "@taplo/lsp": {
      "version": "0.2.4",
      "resolved": "https://registry.npmjs.org/@taplo/lsp/-/lsp-0.2.4.tgz",
      "integrity": "sha512-/FcGQVvXAslhiC9aMG5gxKXJctg8N7XLZrP+wYrFTFccWEPZd/Xon5y7jUXpKOVSOFEA1MOKZKbPuK4ET5/T8Q=="
    },
    "coc-diagnostic": {
      "version": "0.24.1",
      "resolved": "https://registry.npmjs.org/coc-diagnostic/-/coc-diagnostic-0.24.1.tgz",
      "integrity": "sha512-pAiP55qF3Uh4Mb7QzJAhtMyys3OOVg9iowupr27XBnoFZJxmxOZYG5nydOtHKBqhXIJ+mMfy/okHNLheD/4w/w=="
    },
    "coc-eslint": {
      "version": "3.0.15",
      "resolved": "https://registry.npmjs.org/coc-eslint/-/coc-eslint-3.0.15.tgz",
      "integrity": "sha512-PjTSYXV+/T8r4DgxBsAmi6LhdO12WnTjOr1McGQhNnLVlTAlJj89iL0C5YbZ3oiYLUaNTFG8z+cX+nvt+QtUVA=="
    },
    "coc-highlight": {
      "version": "2.0.4",
      "resolved": "https://registry.npmjs.org/coc-highlight/-/coc-highlight-2.0.4.tgz",
      "integrity": "sha512-X6VGCqpDML0oRcyH77ANoQ0BAxEsQqVMB9OPbfXB/nSdN3xcO8+M1hNSJm4pBekvywxm6VQUsh/zFD4V55nxLw=="
    },
    "coc-json": {
      "version": "1.9.3",
      "resolved": "https://registry.npmjs.org/coc-json/-/coc-json-1.9.3.tgz",
      "integrity": "sha512-72Lb7fq2Jr2hh+hOfwAHORkFSfmBGieF6tCaQY5n/DVd9He2HrQCRtBK11TVPAaWcloRlnwG0/QLSB8VxhboiQ=="
    },
    "coc-markdownlint": {
      "version": "1.36.0",
      "resolved": "https://registry.npmjs.org/coc-markdownlint/-/coc-markdownlint-1.36.0.tgz",
      "integrity": "sha512-tVp32LukGXEFfz3y8H2Pq4fcpoxy9Xptw/jIAZAJz4S/725hCsWLCySwoVE7qhSLOeUHmVMQdoW7A11EHru+lg=="
    },
    "coc-prettier": {
      "version": "11.0.1",
      "resolved": "https://registry.npmjs.org/coc-prettier/-/coc-prettier-11.0.1.tgz",
      "integrity": "sha512-lh7JQ86B3HXzi530/MiOwVg1OSMJCQwpwme1pSrtNo4ZFuxVcI1p/6TqaPFaU6zXwZvAbbc1VG6L5CVmPVKEpw==",
      "requires": {
        "prettier": "^3.1.1"
      },
      "dependencies": {
        "prettier": {
          "version": "3.6.2",
          "resolved": "https://registry.npmjs.org/prettier/-/prettier-3.6.2.tgz",
          "integrity": "sha512-I7AIg5boAr5R0FFtJ6rCfD+LFsWHp81dolrFD8S79U9tb8Az2nGrJncnMSnys+bpQJfRUzqs9hnA81OAA3hCuQ=="
        }
      }
    },
    "coc-pyright": {
      "version": "1.1.405",
      "resolved": "https://registry.npmjs.org/coc-pyright/-/coc-pyright-1.1.405.tgz",
      "integrity": "sha512-5ouA9CYpzDQKSRwK50sEPEDiDPk9O4KZ9h2VV7rtnmweTDLw25wTlS1T0QP1zXvbrd5GL3AuV2taCmbn2H4UkQ==",
      "requires": {
        "pyright": "^1.1.405"
      }
    },
    "coc-snippets": {
      "version": "3.4.7",
      "resolved": "https://registry.npmjs.org/coc-snippets/-/coc-snippets-3.4.7.tgz",
      "integrity": "sha512-8Q/es06CsFc/9nAwQ/ibelDYWA036VjMgpdDMxZevtpKBE0Y4RH0XalpvL1vFykmp2OZWFzBaad5fFAZcCmGcQ=="
    },
    "coc-texlab": {
      "version": "3.3.0",
      "resolved": "https://registry.npmjs.org/coc-texlab/-/coc-texlab-3.3.0.tgz",
      "integrity": "sha512-MV/zLxI6jvu/IWS3/dyc8Dsgz9ypO86hSAHwjRbDGTc/V9t8jTPUnI4E1hzmsF8bfIjxnUU/oyITX9tLTOnCOQ=="
    },
    "coc-toml": {
      "version": "1.2.5",
      "resolved": "https://registry.npmjs.org/coc-toml/-/coc-toml-1.2.5.tgz",
      "integrity": "sha512-8ypH+v7PkGfYTfg/7QoUGrpgSidzxwr2uvuTXR3FgzWrLT9OQOvlocH9KfCRsP8IIAbCuMOa/OpStN+pNwO6Ug==",
      "requires": {
        "@taplo/lsp": "^0.2.4",
        "node-fetch": "^2.6.7"
      }
    },
    "coc-tsserver": {
      "version": "2.3.1",
      "resolved": "https://registry.npmjs.org/coc-tsserver/-/coc-tsserver-2.3.1.tgz",
      "integrity": "sha512-cAJP4bOApxzr/eFHRSMSDLA8BSoBhIGzPLVNJS44NWeZ8sbFEWwrsTvV97ypQe3EnJdfVGPs0KTg3i45xPgsFA==",
      "requires": {
        "typescript": "^5.3.2"
      }
    },
    "coc-yaml": {
      "version": "1.9.1",
      "resolved": "https://registry.npmjs.org/coc-yaml/-/coc-yaml-1.9.1.tgz",
      "integrity": "sha512-PKDIWjnTF1193m0a5srO8oOLrOv9nKwaqka+a+sdzDjlyPoFipEADFUQVdoHwe1GYlfYe7tmfWOUCbR6ddRLrw==",
      "requires": {
        "prettier": "2.0.5"
      },
      "dependencies": {
        "prettier": {
          "version": "2.0.5",
          "resolved": "https://registry.npmjs.org/prettier/-/prettier-2.0.5.tgz",
          "integrity": "sha512-7PtVymN48hGcO4fGjybyBSIWDsLU4H4XlvOHfq91pz9kkGlonzwTfYkaIEwiRg/dAJF9YlbsduBAgtYLi+8cFg=="
        }
      }
    },
    "fsevents": {
      "version": "2.3.3",
      "resolved": "https://registry.npmjs.org/fsevents/-/fsevents-2.3.3.tgz",
      "integrity": "sha512-5xoDfX+fL7faATnagmWPpbFtwh/R77WmMMqqHGS65C3vvB0YHrgF+B1YmZ3441tMj5n63k0212XNoJwzlhffQw==",
      "optional": true
    },
    "node-fetch": {
      "version": "2.7.0",
      "resolved": "https://registry.npmjs.org/node-fetch/-/node-fetch-2.7.0.tgz",
      "integrity": "sha512-c4FRfUm/dbcWZ7U+1Wq0AwCyFL+3nt2bEw05wfxSz+DWpWsitgmSgYmy2dQdWyKC1694ELPqMs/YzUSNozLt8A==",
      "requires": {
        "whatwg-url": "^5.0.0"
      }
    },
    "pyright": {
      "version": "1.1.407",
      "resolved": "https://registry.npmjs.org/pyright/-/pyright-1.1.407.tgz",
      "integrity": "sha512-zU+peTFEVUdokNQyUBhGQYt+NWI/3aiNlvBbDBSsn5Ti334XElFUs+GDjQzCbchYfkT+DvMAT3OkMcV4CuEfDg==",
      "requires": {
        "fsevents": "~2.3.3"
      }
    },
    "tr46": {
      "version": "0.0.3",
      "resolved": "https://registry.npmjs.org/tr46/-/tr46-0.0.3.tgz",
      "integrity": "sha512-N3WMsuqV66lT30CrXNbEjx4GEwlow3v6rr4mCcv6prnfwhS01rkgyFdjPNBYd9br7LpXV1+Emh01fHnq2Gdgrw=="
    },
    "typescript": {
      "version": "5.9.3",
      "resolved": "https://registry.npmjs.org/typescript/-/typescript-5.9.3.tgz",
      "integrity": "sha512-jl1vZzPDinLr9eUt3J/t7V6FgNEw9QjvBPdysz9KfQDD41fQrC2Y4vKQdiaUpFT4bXlb1RHhLpp8wtm6M5TgSw=="
    },
    "webidl-conversions": {
      "version": "3.0.1",
      "resolved": "https://registry.npmjs.org/webidl-conversions/-/webidl-conversions-3.0.1.tgz",
      "integrity": "sha512-2JAn3z8AR6rjK8Sm8orRC0h/bcl/DqL7tRPdGZ4I1CjdF+EaMLmYxBHyXuKL849eucPFhvBoxMsflfOb8kxaeQ=="
    },
    "whatwg-url": {
      "version": "5.0.0",
      "resolved": "https://registry.npmjs.org/whatwg-url/-/whatwg-url-5.0.0.tgz",
      "integrity": "sha512-saE57nupxk6v3HY35+jzBwYa0rKSy0XR8JSxZPwgLr7ys0IBzhGviA1/TUGJLmSVqs8pb9AnvICXEuOHLprYTw==",
      "requires": {
        "tr46": "~0.0.3",
        "webidl-conversions": "^3.0.0"
      }
    }
  }
}
